
Microsoft Visual Studio Solution File, Format Version 12.00
# Visual Studio 14
VisualStudioVersion = 14.0.25420.1
MinimumVisualStudioVersion = 10.0.40219.1
Project("{FAE04EC0-301F-11D3-BF4B-00C04F79EFBC}") = "23", "23\23.csproj", "{05749D92-59B9-44C9-B067-D4612FEB4C0C}"
EndProject
Project("{FAE04EC0-301F-11D3-BF4B-00C04F79EFBC}") = "22", "22\22.csproj", "{8ABE7714-9473-41F8-926F-0044CAA0956B}"
EndProject
Project("{FAE04EC0-301F-11D3-BF4B-00C04F79EFBC}") = "21", "21\21.csproj", "{2ADB02C8-9D46-47C3-8F3F-AB6FE81220A7}"
EndProject
Project("{FAE04EC0-301F-11D3-BF4B-00C04F79EFBC}") = "20", "20\20.csproj", "{5D46C3AB-E864-4E3D-A711-82DEBD2FA9A6}"
EndProject
Project("{FAE04EC0-301F-11D3-BF4B-00C04F79EFBC}") = "19", "19\19.csproj", "{1AA322D1-A0CC-4C13-8238-F7E0B6D4F98A}"
EndProject
Project("{FAE04EC0-301F-11D3-BF4B-00C04F79EFBC}") = "18", "18\18.csproj", "{EFDA72C3-12E2-46A4-9E16-42EA28FD5A70}"
EndProject
Project("{FAE04EC0-301F-11D3-BF4B-00C04F79EFBC}") = "17", "17\17.csproj", "{28A73169-ED6D-43D3-99EF-1CD833154C2D}"
EndProject
Project("{FAE04EC0-301F-11D3-BF4B-00C04F79EFBC}") = "16", "16\16.csproj", "{6822C7AF-2F02-46AB-93D0-45FF60DFEFCF}"
EndProject
Project("{FAE04EC0-301F-11D3-BF4B-00C04F79EFBC}") = "15", "15\15.csproj", "{DFA8883A-CFD1-44B1-9BC3-334A8AC448AC}"
EndProject
Project("{FAE04EC0-301F-11D3-BF4B-00C04F79EFBC}") = "14", "14\14.csproj", "{D51647FF-B88D-4689-B5E7-E31DE35328F4}"
EndProject
Project("{FAE04EC0-301F-11D3-BF4B-00C04F79EFBC}") = "13", "13\13.csproj", "{E8048688-0CD8-493C-8029-7EE4FFA65478}"
EndProject
Project("{FAE04EC0-301F-11D3-BF4B-00C04F79EFBC}") = "12", "12\12.csproj", "{40D58362-20D6-40D2-8C78-C86C2A08BC77}"
EndProject
Project("{FAE04EC0-301F-11D3-BF4B-00C04F79EFBC}") = "11", "11\11.csproj", "{78C5A177-D03D-41B0-8AF4-CE1772662D16}"
EndProject
Project("{FAE04EC0-301F-11D3-BF4B-00C04F79EFBC}") = "10", "10\10.csproj", "{175A1E49-CCFC-4FB9-9EEE-489AAF86AD8A}"
EndProject
Project("{FAE04EC0-301F-11D3-BF4B-00C04F79EFBC}") = "8", "8\8.csproj", "{59D44CFA-FD26-4000-A005-B28BDF57734F}"
EndProject
Project("{FAE04EC0-301F-11D3-BF4B-00C04F79EFBC}") = "7", "7\7.csproj", "{B1B13BDB-41C3-48F2-B5E7-3EEA24EE92F1}"
EndProject
Project("{FAE04EC0-301F-11D3-BF4B-00C04F79EFBC}") = "6", "6\6.csproj", "{F517B6FB-25E5-4EB8-953C-4A0284CF9C1A}"
EndProject
Project("{FAE04EC0-301F-11D3-BF4B-00C04F79EFBC}") = "5", "5\5.csproj", "{AB9290BE-4A04-4834-9E9C-573457613F70}"
EndProject
Project("{FAE04EC0-301F-11D3-BF4B-00C04F79EFBC}") = "3", "3\3.csproj", "{4E1EE387-5D8D-432A-B83A-AF786E06F9F8}"
	ProjectSection(ProjectDependencies) = postProject
		{8ABE7714-9473-41F8-926F-0044CAA0956B} = {8ABE7714-9473-41F8-926F-0044CAA0956B}
		{DFA8883A-CFD1-44B1-9BC3-334A8AC448AC} = {DFA8883A-CFD1-44B1-9BC3-334A8AC448AC}
		{175A1E49-CCFC-4FB9-9EEE-489AAF86AD8A} = {175A1E49-CCFC-4FB9-9EEE-489AAF86AD8A}
		{40D58362-20D6-40D2-8C78-C86C2A08BC77} = {40D58362-20D6-40D2-8C78-C86C2A08BC77}
		{28A73169-ED6D-43D3-99EF-1CD833154C2D} = {28A73169-ED6D-43D3-99EF-1CD833154C2D}
		{78C5A177-D03D-41B0-8AF4-CE1772662D16} = {78C5A177-D03D-41B0-8AF4-CE1772662D16}
		{E8048688-0CD8-493C-8029-7EE4FFA65478} = {E8048688-0CD8-493C-8029-7EE4FFA65478}
		{05749D92-59B9-44C9-B067-D4612FEB4C0C} = {05749D92-59B9-44C9-B067-D4612FEB4C0C}
		{5D46C3AB-E864-4E3D-A711-82DEBD2FA9A6} = {5D46C3AB-E864-4E3D-A711-82DEBD2FA9A6}
		{6822C7AF-2F02-46AB-93D0-45FF60DFEFCF} = {6822C7AF-2F02-46AB-93D0-45FF60DFEFCF}
		{AB9290BE-4A04-4834-9E9C-573457613F70} = {AB9290BE-4A04-4834-9E9C-573457613F70}
		{EFDA72C3-12E2-46A4-9E16-42EA28FD5A70} = {EFDA72C3-12E2-46A4-9E16-42EA28FD5A70}
		{2ADB02C8-9D46-47C3-8F3F-AB6FE81220A7} = {2ADB02C8-9D46-47C3-8F3F-AB6FE81220A7}
		{1AA322D1-A0CC-4C13-8238-F7E0B6D4F98A} = {1AA322D1-A0CC-4C13-8238-F7E0B6D4F98A}
		{B1B13BDB-41C3-48F2-B5E7-3EEA24EE92F1} = {B1B13BDB-41C3-48F2-B5E7-3EEA24EE92F1}
		{59D44CFA-FD26-4000-A005-B28BDF57734F} = {59D44CFA-FD26-4000-A005-B28BDF57734F}
		{F517B6FB-25E5-4EB8-953C-4A0284CF9C1A} = {F517B6FB-25E5-4EB8-953C-4A0284CF9C1A}
		{D51647FF-B88D-4689-B5E7-E31DE35328F4} = {D51647FF-B88D-4689-B5E7-E31DE35328F4}
	EndProjectSection
EndProject
Project("{FAE04EC0-301F-11D3-BF4B-00C04F79EFBC}") = "9", "9\9.csproj", "{BE13D7E4-7BCB-4D85-B065-6A8F6B581645}"
EndProject
Project("{FAE04EC0-301F-11D3-BF4B-00C04F79EFBC}") = "26", "26\26.csproj", "{3FDBFF3A-969A-4F46-BA13-21377C7CC7BD}"
EndProject
Project("{FAE04EC0-301F-11D3-BF4B-00C04F79EFBC}") = "25", "25\25.csproj", "{4602BA1F-0084-4581-8FA7-BA684A3E1885}"
EndProject
Project("{FAE04EC0-301F-11D3-BF4B-00C04F79EFBC}") = "24", "24\24.csproj", "{98AE4A5C-6610-47CF-9FEE-39805C368140}"
EndProject
Global
	GlobalSection(SolutionConfigurationPlatforms) = preSolution
		Debug|Any CPU = Debug|Any CPU
		Release|Any CPU = Release|Any CPU
	EndGlobalSection
	GlobalSection(ProjectConfigurationPlatforms) = postSolution
		{05749D92-59B9-44C9-B067-D4612FEB4C0C}.Debug|Any CPU.ActiveCfg = Debug|Any CPU
		{05749D92-59B9-44C9-B067-D4612FEB4C0C}.Debug|Any CPU.Build.0 = Debug|Any CPU
		{05749D92-59B9-44C9-B067-D4612FEB4C0C}.Release|Any CPU.ActiveCfg = Release|Any CPU
		{05749D92-59B9-44C9-B067-D4612FEB4C0C}.Release|Any CPU.Build.0 = Release|Any CPU
		{8ABE7714-9473-41F8-926F-0044CAA0956B}.Debug|Any CPU.ActiveCfg = Debug|Any CPU
		{8ABE7714-9473-41F8-926F-0044CAA0956B}.Debug|Any CPU.Build.0 = Debug|Any CPU
		{8ABE7714-9473-41F8-926F-0044CAA0956B}.Release|Any CPU.ActiveCfg = Release|Any CPU
		{8ABE7714-9473-41F8-926F-0044CAA0956B}.Release|Any CPU.Build.0 = Release|Any CPU
		{2ADB02C8-9D46-47C3-8F3F-AB6FE81220A7}.Debug|Any CPU.ActiveCfg = Debug|Any CPU
		{2ADB02C8-9D46-47C3-8F3F-AB6FE81220A7}.Debug|Any CPU.Build.0 = Debug|Any CPU
		{2ADB02C8-9D46-47C3-8F3F-AB6FE81220A7}.Release|Any CPU.ActiveCfg = Release|Any CPU
		{2ADB02C8-9D46-47C3-8F3F-AB6FE81220A7}.Release|Any CPU.Build.0 = Release|Any CPU
		{5D46C3AB-E864-4E3D-A711-82DEBD2FA9A6}.Debug|Any CPU.ActiveCfg = Debug|Any CPU
		{5D46C3AB-E864-4E3D-A711-82DEBD2FA9A6}.Debug|Any CPU.Build.0 = Debug|Any CPU
		{5D46C3AB-E864-4E3D-A711-82DEBD2FA9A6}.Release|Any CPU.ActiveCfg = Release|Any CPU
		{5D46C3AB-E864-4E3D-A711-82DEBD2FA9A6}.Release|Any CPU.Build.0 = Release|Any CPU
		{1AA322D1-A0CC-4C13-8238-F7E0B6D4F98A}.Debug|Any CPU.ActiveCfg = Debug|Any CPU
		{1AA322D1-A0CC-4C13-8238-F7E0B6D4F98A}.Debug|Any CPU.Build.0 = Debug|Any CPU
		{1AA322D1-A0CC-4C13-8238-F7E0B6D4F98A}.Release|Any CPU.ActiveCfg = Release|Any CPU
		{1AA322D1-A0CC-4C13-8238-F7E0B6D4F98A}.Release|Any CPU.Build.0 = Release|Any CPU
		{EFDA72C3-12E2-46A4-9E16-42EA28FD5A70}.Debug|Any CPU.ActiveCfg = Debug|Any CPU
		{EFDA72C3-12E2-46A4-9E16-42EA28FD5A70}.Debug|Any CPU.Build.0 = Debug|Any CPU
		{EFDA72C3-12E2-46A4-9E16-42EA28FD5A70}.Release|Any CPU.ActiveCfg = Release|Any CPU
		{EFDA72C3-12E2-46A4-9E16-42EA28FD5A70}.Release|Any CPU.Build.0 = Release|Any CPU
		{28A73169-ED6D-43D3-99EF-1CD833154C2D}.Debug|Any CPU.ActiveCfg = Debug|Any CPU
		{28A73169-ED6D-43D3-99EF-1CD833154C2D}.Debug|Any CPU.Build.0 = Debug|Any CPU
		{28A73169-ED6D-43D3-99EF-1CD833154C2D}.Release|Any CPU.ActiveCfg = Release|Any CPU
		{28A73169-ED6D-43D3-99EF-1CD833154C2D}.Release|Any CPU.Build.0 = Release|Any CPU
		{6822C7AF-2F02-46AB-93D0-45FF60DFEFCF}.Debug|Any CPU.ActiveCfg = Debug|Any CPU
		{6822C7AF-2F02-46AB-93D0-45FF60DFEFCF}.Debug|Any CPU.Build.0 = Debug|Any CPU
		{6822C7AF-2F02-46AB-93D0-45FF60DFEFCF}.Release|Any CPU.ActiveCfg = Release|Any CPU
		{6822C7AF-2F02-46AB-93D0-45FF60DFEFCF}.Release|Any CPU.Build.0 = Release|Any CPU
		{DFA8883A-CFD1-44B1-9BC3-334A8AC448AC}.Debug|Any CPU.ActiveCfg = Debug|Any CPU
		{DFA8883A-CFD1-44B1-9BC3-334A8AC448AC}.Debug|Any CPU.Build.0 = Debug|Any CPU
		{DFA8883A-CFD1-44B1-9BC3-334A8AC448AC}.Release|Any CPU.ActiveCfg = Release|Any CPU
		{DFA8883A-CFD1-44B1-9BC3-334A8AC448AC}.Release|Any CPU.Build.0 = Release|Any CPU
		{D51647FF-B88D-4689-B5E7-E31DE35328F4}.Debug|Any CPU.ActiveCfg = Debug|Any CPU
		{D51647FF-B88D-4689-B5E7-E31DE35328F4}.Debug|Any CPU.Build.0 = Debug|Any CPU
		{D51647FF-B88D-4689-B5E7-E31DE35328F4}.Release|Any CPU.ActiveCfg = Release|Any CPU
		{D51647FF-B88D-4689-B5E7-E31DE35328F4}.Release|Any CPU.Build.0 = Release|Any CPU
		{E8048688-0CD8-493C-8029-7EE4FFA65478}.Debug|Any CPU.ActiveCfg = Debug|Any CPU
		{E8048688-0CD8-493C-8029-7EE4FFA65478}.Debug|Any CPU.Build.0 = Debug|Any CPU
		{E8048688-0CD8-493C-8029-7EE4FFA65478}.Release|Any CPU.ActiveCfg = Release|Any CPU
		{E8048688-0CD8-493C-8029-7EE4FFA65478}.Release|Any CPU.Build.0 = Release|Any CPU
		{40D58362-20D6-40D2-8C78-C86C2A08BC77}.Debug|Any CPU.ActiveCfg = Debug|Any CPU
		{40D58362-20D6-40D2-8C78-C86C2A08BC77}.Debug|Any CPU.Build.0 = Debug|Any CPU
		{40D58362-20D6-40D2-8C78-C86C2A08BC77}.Release|Any CPU.ActiveCfg = Release|Any CPU
		{40D58362-20D6-40D2-8C78-C86C2A08BC77}.Release|Any CPU.Build.0 = Release|Any CPU
		{78C5A177-D03D-41B0-8AF4-CE1772662D16}.Debug|Any CPU.ActiveCfg = Debug|Any CPU
		{78C5A177-D03D-41B0-8AF4-CE1772662D16}.Debug|Any CPU.Build.0 = Debug|Any CPU
		{78C5A177-D03D-41B0-8AF4-CE1772662D16}.Release|Any CPU.ActiveCfg = Release|Any CPU
		{78C5A177-D03D-41B0-8AF4-CE1772662D16}.Release|Any CPU.Build.0 = Release|Any CPU
		{175A1E49-CCFC-4FB9-9EEE-489AAF86AD8A}.Debug|Any CPU.ActiveCfg = Debug|Any CPU
		{175A1E49-CCFC-4FB9-9EEE-489AAF86AD8A}.Debug|Any CPU.Build.0 = Debug|Any CPU
		{175A1E49-CCFC-4FB9-9EEE-489AAF86AD8A}.Release|Any CPU.ActiveCfg = Release|Any CPU
		{175A1E49-CCFC-4FB9-9EEE-489AAF86AD8A}.Release|Any CPU.Build.0 = Release|Any CPU
		{59D44CFA-FD26-4000-A005-B28BDF57734F}.Debug|Any CPU.ActiveCfg = Debug|Any CPU
		{59D44CFA-FD26-4000-A005-B28BDF57734F}.Debug|Any CPU.Build.0 = Debug|Any CPU
		{59D44CFA-FD26-4000-A005-B28BDF57734F}.Release|Any CPU.ActiveCfg = Release|Any CPU
		{59D44CFA-FD26-4000-A005-B28BDF57734F}.Release|Any CPU.Build.0 = Release|Any CPU
		{B1B13BDB-41C3-48F2-B5E7-3EEA24EE92F1}.Debug|Any CPU.ActiveCfg = Debug|Any CPU
		{B1B13BDB-41C3-48F2-B5E7-3EEA24EE92F1}.Debug|Any CPU.Build.0 = Debug|Any CPU
		{B1B13BDB-41C3-48F2-B5E7-3EEA24EE92F1}.Release|Any CPU.ActiveCfg = Release|Any CPU
		{B1B13BDB-41C3-48F2-B5E7-3EEA24EE92F1}.Release|Any CPU.Build.0 = Release|Any CPU
		{F517B6FB-25E5-4EB8-953C-4A0284CF9C1A}.Debug|Any CPU.ActiveCfg = Debug|Any CPU
		{F517B6FB-25E5-4EB8-953C-4A0284CF9C1A}.Debug|Any CPU.Build.0 = Debug|Any CPU
		{F517B6FB-25E5-4EB8-953C-4A0284CF9C1A}.Release|Any CPU.ActiveCfg = Release|Any CPU
		{F517B6FB-25E5-4EB8-953C-4A0284CF9C1A}.Release|Any CPU.Build.0 = Release|Any CPU
		{AB9290BE-4A04-4834-9E9C-573457613F70}.Debug|Any CPU.ActiveCfg = Debug|Any CPU
		{AB9290BE-4A04-4834-9E9C-573457613F70}.Debug|Any CPU.Build.0 = Debug|Any CPU
		{AB9290BE-4A04-4834-9E9C-573457613F70}.Release|Any CPU.ActiveCfg = Release|Any CPU
		{AB9290BE-4A04-4834-9E9C-573457613F70}.Release|Any CPU.Build.0 = Release|Any CPU
		{4E1EE387-5D8D-432A-B83A-AF786E06F9F8}.Debug|Any CPU.ActiveCfg = Debug|Any CPU
		{4E1EE387-5D8D-432A-B83A-AF786E06F9F8}.Debug|Any CPU.Build.0 = Debug|Any CPU
		{4E1EE387-5D8D-432A-B83A-AF786E06F9F8}.Release|Any CPU.ActiveCfg = Release|Any CPU
		{4E1EE387-5D8D-432A-B83A-AF786E06F9F8}.Release|Any CPU.Build.0 = Release|Any CPU
		{BE13D7E4-7BCB-4D85-B065-6A8F6B581645}.Debug|Any CPU.ActiveCfg = Debug|Any CPU
		{BE13D7E4-7BCB-4D85-B065-6A8F6B581645}.Debug|Any CPU.Build.0 = Debug|Any CPU
		{BE13D7E4-7BCB-4D85-B065-6A8F6B581645}.Release|Any CPU.ActiveCfg = Release|Any CPU
		{BE13D7E4-7BCB-4D85-B065-6A8F6B581645}.Release|Any CPU.Build.0 = Release|Any CPU
		{3FDBFF3A-969A-4F46-BA13-21377C7CC7BD}.Debug|Any CPU.ActiveCfg = Debug|Any CPU
		{3FDBFF3A-969A-4F46-BA13-21377C7CC7BD}.Debug|Any CPU.Build.0 = Debug|Any CPU
		{3FDBFF3A-969A-4F46-BA13-21377C7CC7BD}.Release|Any CPU.ActiveCfg = Release|Any CPU
		{3FDBFF3A-969A-4F46-BA13-21377C7CC7BD}.Release|Any CPU.Build.0 = Release|Any CPU
		{4602BA1F-0084-4581-8FA7-BA684A3E1885}.Debug|Any CPU.ActiveCfg = Debug|Any CPU
		{4602BA1F-0084-4581-8FA7-BA684A3E1885}.Debug|Any CPU.Build.0 = Debug|Any CPU
		{4602BA1F-0084-4581-8FA7-BA684A3E1885}.Release|Any CPU.ActiveCfg = Release|Any CPU
		{4602BA1F-0084-4581-8FA7-BA684A3E1885}.Release|Any CPU.Build.0 = Release|Any CPU
		{98AE4A5C-6610-47CF-9FEE-39805C368140}.Debug|Any CPU.ActiveCfg = Debug|Any CPU
		{98AE4A5C-6610-47CF-9FEE-39805C368140}.Debug|Any CPU.Build.0 = Debug|Any CPU
		{98AE4A5C-6610-47CF-9FEE-39805C368140}.Release|Any CPU.ActiveCfg = Release|Any CPU
		{98AE4A5C-6610-47CF-9FEE-39805C368140}.Release|Any CPU.Build.0 = Release|Any CPU
	EndGlobalSection
	GlobalSection(SolutionProperties) = preSolution
		HideSolutionNode = FALSE
	EndGlobalSection
EndGlobal
